# This file is @generated by PDM.
# It is not intended for manual editing.

[metadata]
groups = ["default"]
strategy = ["cross_platform", "inherit_metadata"]
lock_version = "4.4.1"
content_hash = "sha256:486406415155de0bcef070bdcff3f89d3b3b0ec25ad22b24ba6a5b0f81e143ad"

[[package]]
name = "libmidi"
version = "1.1.0"
requires_python = ">=3.8,<4.0"
summary = "MIDI library"
groups = ["default"]
files = [
    {file = "libmidi-1.1.0-py3-none-any.whl", hash = "sha256:825d9711ba0c8d2a27150112f0a84e166a65fa703cb293549ac9b56f686b79d2"},
    {file = "libmidi-1.1.0.tar.gz", hash = "sha256:119e70134cd059fad8bdb335b948d7d6187e6dc9b9458699cee1338b4776a100"},
]
